{
  "name": "final-year-project",
  "lockfileVersion": 3,
  "requires": true,
  "packages": {
    "": {
      "devDependencies": {
        "final": "^0.2.0",
        "year": "^0.2.1"
      }
    },
    "node_modules/final": {
      "version": "0.2.0",
      "resolved": "https://registry.npmjs.org/final/-/final-0.2.0.tgz",
      "integrity": "sha512-a+vBNIio8nZYzRNRrM40toh37B2ss22HgOC28YYqvjelavfg5MI9DrUzx3U5oeX65N90otxpsNTOdaxY7DEwlA==",
      "dev": true,
      "license": "ISC",
      "dependencies": {
        "lodash": "^4.6.1",
        "minimist": "^1.2.0"
      },
      "engines": {
        "node": ">= 4.0.0"
      }
    },
    "node_modules/lodash": {
      "version": "4.17.21",
      "resolved": "https://registry.npmjs.org/lodash/-/lodash-4.17.21.tgz",
      "integrity": "sha512-v2kDEe57lecTulaDIuNTPy3Ry4gLGJ6Z1O3vE1krgXZNrsQ+LFTGHVxVjcXPs17LhbZVGedAJv8XZ1tvj5FvSg==",
      "dev": true,
      "license": "MIT"
    },
    "node_modules/minimist": {
      "version": "1.2.8",
      "resolved": "https://registry.npmjs.org/minimist/-/minimist-1.2.8.tgz",
      "integrity": "sha512-2yyAR8qBkN3YuheJanUpWC5U3bb5osDywNB8RzDVlDwDHbocAJveqqj1u8+SVD7jkWT4yvsHCpWqqWqAxb0zCA==",
      "dev": true,
      "license": "MIT",
      "funding": {
        "url": "https://github.com/sponsors/ljharb"
      }
    },
    "node_modules/year": {
      "version": "0.2.1",
      "resolved": "https://registry.npmjs.org/year/-/year-0.2.1.tgz",
      "integrity": "sha512-9GnJUZ0QM4OgXuOzsKNzTJ5EOkums1Xc+3YQXp+Q+UxFjf7zLucp9dQ8QMIft0Szs1E1hUiXFim1OYfEKFq97w==",
      "dev": true,
      "engines": {
        "node": ">=0.8"
      }
    }
  }
}
